
Microsoft Visual Studio Solution File, Format Version 12.00
# Visual Studio Version 17
VisualStudioVersion = 17.8.34316.72
MinimumVisualStudioVersion = 10.0.40219.1
Project("{FAE04EC0-301F-11D3-BF4B-00C04F79EFBC}") = "Bank.Api", "Bank.Api\Bank.Api.csproj", "{EE3C9846-B641-46B5-AB4D-68E540DE7E63}"
EndProject
Global
	GlobalSection(SolutionConfigurationPlatforms) = preSolution
		Debug|Any CPU = Debug|Any CPU
		Release|Any CPU = Release|Any CPU
	EndGlobalSection
	GlobalSection(ProjectConfigurationPlatforms) = postSolution
		{EE3C9846-B641-46B5-AB4D-68E540DE7E63}.Debug|Any CPU.ActiveCfg = Debug|Any CPU
		{EE3C9846-B641-46B5-AB4D-68E540DE7E63}.Debug|Any CPU.Build.0 = Debug|Any CPU
		{EE3C9846-B641-46B5-AB4D-68E540DE7E63}.Release|Any CPU.ActiveCfg = Release|Any CPU
		{EE3C9846-B641-46B5-AB4D-68E540DE7E63}.Release|Any CPU.Build.0 = Release|Any CPU
	EndGlobalSection
	GlobalSection(SolutionProperties) = preSolution
		HideSolutionNode = FALSE
	EndGlobalSection
	GlobalSection(ExtensibilityGlobals) = postSolution
		SolutionGuid = {3639023B-4BDF-47E5-A77F-E24FFDCA457F}
	EndGlobalSection
EndGlobal
